
Microsoft Visual Studio Solution File, Format Version 12.00
# Visual Studio 14
VisualStudioVersion = 14.0.25420.1
MinimumVisualStudioVersion = 10.0.40219.1
Project("{FAE04EC0-301F-11D3-BF4B-00C04F79EFBC}") = "ListadoParciales", "ListadoParciales\ListadoParciales\ListadoParciales.csproj", "{8B7D75A2-1BEB-4C1F-B452-317351C8B5B0}"
EndProject
Project("{FAE04EC0-301F-11D3-BF4B-00C04F79EFBC}") = "ListadoParciales.Droid", "ListadoParciales\ListadoParciales.Droid\ListadoParciales.Droid.csproj", "{EB6DC47B-0BFF-4DD3-BAF4-70AE3575F965}"
EndProject
Project("{FAE04EC0-301F-11D3-BF4B-00C04F79EFBC}") = "ListadoParciales.iOS", "ListadoParciales\ListadoParciales.iOS\ListadoParciales.iOS.csproj", "{F8F6D3A5-8B1A-4BE7-B4E6-B9C4E4A04C86}"
EndProject
Project("{FAE04EC0-301F-11D3-BF4B-00C04F79EFBC}") = "ListadoParciales.WinPhone", "ListadoParciales\ListadoParciales.WinPhone\ListadoParciales.WinPhone.csproj", "{F25205D5-AA6E-4C73-82C9-AC94EB96867B}"
EndProject
Project("{FAE04EC0-301F-11D3-BF4B-00C04F79EFBC}") = "ListadoParciales.UWP", "ListadoParciales\ListadoParciales.UWP\ListadoParciales.UWP.csproj", "{2A2D651D-A31A-4910-A6C8-B0459DED1BDE}"
EndProject
Project("{FAE04EC0-301F-11D3-BF4B-00C04F79EFBC}") = "ListadoParciales.Windows", "ListadoParciales\ListadoParciales.Windows\ListadoParciales.Windows.csproj", "{7D974EA3-49B9-4396-BDD4-9192C166D8A8}"
EndProject
Global
	GlobalSection(SolutionConfigurationPlatforms) = preSolution
		Ad-Hoc|Any CPU = Ad-Hoc|Any CPU
		Ad-Hoc|ARM = Ad-Hoc|ARM
		Ad-Hoc|iPhone = Ad-Hoc|iPhone
		Ad-Hoc|iPhoneSimulator = Ad-Hoc|iPhoneSimulator
		Ad-Hoc|x64 = Ad-Hoc|x64
		Ad-Hoc|x86 = Ad-Hoc|x86
		AppStore|Any CPU = AppStore|Any CPU
		AppStore|ARM = AppStore|ARM
		AppStore|iPhone = AppStore|iPhone
		AppStore|iPhoneSimulator = AppStore|iPhoneSimulator
		AppStore|x64 = AppStore|x64
		AppStore|x86 = AppStore|x86
		Debug|Any CPU = Debug|Any CPU
		Debug|ARM = Debug|ARM
		Debug|iPhone = Debug|iPhone
		Debug|iPhoneSimulator = Debug|iPhoneSimulator
		Debug|x64 = Debug|x64
		Debug|x86 = Debug|x86
		Release|Any CPU = Release|Any CPU
		Release|ARM = Release|ARM
		Release|iPhone = Release|iPhone
		Release|iPhoneSimulator = Release|iPhoneSimulator
		Release|x64 = Release|x64
		Release|x86 = Release|x86
	EndGlobalSection
	GlobalSection(ProjectConfigurationPlatforms) = postSolution
		{8B7D75A2-1BEB-4C1F-B452-317351C8B5B0}.Ad-Hoc|Any CPU.ActiveCfg = Release|Any CPU
		{8B7D75A2-1BEB-4C1F-B452-317351C8B5B0}.Ad-Hoc|Any CPU.Build.0 = Release|Any CPU
		{8B7D75A2-1BEB-4C1F-B452-317351C8B5B0}.Ad-Hoc|ARM.ActiveCfg = Release|Any CPU
		{8B7D75A2-1BEB-4C1F-B452-317351C8B5B0}.Ad-Hoc|ARM.Build.0 = Release|Any CPU
		{8B7D75A2-1BEB-4C1F-B452-317351C8B5B0}.Ad-Hoc|iPhone.ActiveCfg = Release|Any CPU
		{8B7D75A2-1BEB-4C1F-B452-317351C8B5B0}.Ad-Hoc|iPhone.Build.0 = Release|Any CPU
		{8B7D75A2-1BEB-4C1F-B452-317351C8B5B0}.Ad-Hoc|iPhoneSimulator.ActiveCfg = Release|Any CPU
		{8B7D75A2-1BEB-4C1F-B452-317351C8B5B0}.Ad-Hoc|iPhoneSimulator.Build.0 = Release|Any CPU
		{8B7D75A2-1BEB-4C1F-B452-317351C8B5B0}.Ad-Hoc|x64.ActiveCfg = Release|Any CPU
		{8B7D75A2-1BEB-4C1F-B452-317351C8B5B0}.Ad-Hoc|x64.Build.0 = Release|Any CPU
		{8B7D75A2-1BEB-4C1F-B452-317351C8B5B0}.Ad-Hoc|x86.ActiveCfg = Release|Any CPU
		{8B7D75A2-1BEB-4C1F-B452-317351C8B5B0}.Ad-Hoc|x86.Build.0 = Release|Any CPU
		{8B7D75A2-1BEB-4C1F-B452-317351C8B5B0}.AppStore|Any CPU.ActiveCfg = Release|Any CPU
		{8B7D75A2-1BEB-4C1F-B452-317351C8B5B0}.AppStore|Any CPU.Build.0 = Release|Any CPU
		{8B7D75A2-1BEB-4C1F-B452-317351C8B5B0}.AppStore|ARM.ActiveCfg = Release|Any CPU
		{8B7D75A2-1BEB-4C1F-B452-317351C8B5B0}.AppStore|ARM.Build.0 = Release|Any CPU
		{8B7D75A2-1BEB-4C1F-B452-317351C8B5B0}.AppStore|iPhone.ActiveCfg = Release|Any CPU
		{8B7D75A2-1BEB-4C1F-B452-317351C8B5B0}.AppStore|iPhone.Build.0 = Release|Any CPU
		{8B7D75A2-1BEB-4C1F-B452-317351C8B5B0}.AppStore|iPhoneSimulator.ActiveCfg = Release|Any CPU
		{8B7D75A2-1BEB-4C1F-B452-317351C8B5B0}.AppStore|iPhoneSimulator.Build.0 = Release|Any CPU
		{8B7D75A2-1BEB-4C1F-B452-317351C8B5B0}.AppStore|x64.ActiveCfg = Release|Any CPU
		{8B7D75A2-1BEB-4C1F-B452-317351C8B5B0}.AppStore|x64.Build.0 = Release|Any CPU
		{8B7D75A2-1BEB-4C1F-B452-317351C8B5B0}.AppStore|x86.ActiveCfg = Release|Any CPU
		{8B7D75A2-1BEB-4C1F-B452-317351C8B5B0}.AppStore|x86.Build.0 = Release|Any CPU
		{8B7D75A2-1BEB-4C1F-B452-317351C8B5B0}.Debug|Any CPU.ActiveCfg = Debug|Any CPU
		{8B7D75A2-1BEB-4C1F-B452-317351C8B5B0}.Debug|Any CPU.Build.0 = Debug|Any CPU
		{8B7D75A2-1BEB-4C1F-B452-317351C8B5B0}.Debug|ARM.ActiveCfg = Debug|Any CPU
		{8B7D75A2-1BEB-4C1F-B452-317351C8B5B0}.Debug|ARM.Build.0 = Debug|Any CPU
		{8B7D75A2-1BEB-4C1F-B452-317351C8B5B0}.Debug|iPhone.ActiveCfg = Debug|Any CPU
		{8B7D75A2-1BEB-4C1F-B452-317351C8B5B0}.Debug|iPhone.Build.0 = Debug|Any CPU
		{8B7D75A2-1BEB-4C1F-B452-317351C8B5B0}.Debug|iPhoneSimulator.ActiveCfg = Debug|Any CPU
		{8B7D75A2-1BEB-4C1F-B452-317351C8B5B0}.Debug|iPhoneSimulator.Build.0 = Debug|Any CPU
		{8B7D75A2-1BEB-4C1F-B452-317351C8B5B0}.Debug|x64.ActiveCfg = Debug|Any CPU
		{8B7D75A2-1BEB-4C1F-B452-317351C8B5B0}.Debug|x64.Build.0 = Debug|Any CPU
		{8B7D75A2-1BEB-4C1F-B452-317351C8B5B0}.Debug|x86.ActiveCfg = Debug|Any CPU
		{8B7D75A2-1BEB-4C1F-B452-317351C8B5B0}.Debug|x86.Build.0 = Debug|Any CPU
		{8B7D75A2-1BEB-4C1F-B452-317351C8B5B0}.Release|Any CPU.ActiveCfg = Release|Any CPU
		{8B7D75A2-1BEB-4C1F-B452-317351C8B5B0}.Release|Any CPU.Build.0 = Release|Any CPU
		{8B7D75A2-1BEB-4C1F-B452-317351C8B5B0}.Release|ARM.ActiveCfg = Release|Any CPU
		{8B7D75A2-1BEB-4C1F-B452-317351C8B5B0}.Release|ARM.Build.0 = Release|Any CPU
		{8B7D75A2-1BEB-4C1F-B452-317351C8B5B0}.Release|iPhone.ActiveCfg = Release|Any CPU
		{8B7D75A2-1BEB-4C1F-B452-317351C8B5B0}.Release|iPhone.Build.0 = Release|Any CPU
		{8B7D75A2-1BEB-4C1F-B452-317351C8B5B0}.Release|iPhoneSimulator.ActiveCfg = Release|Any CPU
		{8B7D75A2-1BEB-4C1F-B452-317351C8B5B0}.Release|iPhoneSimulator.Build.0 = Release|Any CPU
		{8B7D75A2-1BEB-4C1F-B452-317351C8B5B0}.Release|x64.ActiveCfg = Release|Any CPU
		{8B7D75A2-1BEB-4C1F-B452-317351C8B5B0}.Release|x64.Build.0 = Release|Any CPU
		{8B7D75A2-1BEB-4C1F-B452-317351C8B5B0}.Release|x86.ActiveCfg = Release|Any CPU
		{8B7D75A2-1BEB-4C1F-B452-317351C8B5B0}.Release|x86.Build.0 = Release|Any CPU
		{EB6DC47B-0BFF-4DD3-BAF4-70AE3575F965}.Ad-Hoc|Any CPU.ActiveCfg = Release|Any CPU
		{EB6DC47B-0BFF-4DD3-BAF4-70AE3575F965}.Ad-Hoc|Any CPU.Build.0 = Release|Any CPU
		{EB6DC47B-0BFF-4DD3-BAF4-70AE3575F965}.Ad-Hoc|Any CPU.Deploy.0 = Release|Any CPU
		{EB6DC47B-0BFF-4DD3-BAF4-70AE3575F965}.Ad-Hoc|ARM.ActiveCfg = Release|Any CPU
		{EB6DC47B-0BFF-4DD3-BAF4-70AE3575F965}.Ad-Hoc|ARM.Build.0 = Release|Any CPU
		{EB6DC47B-0BFF-4DD3-BAF4-70AE3575F965}.Ad-Hoc|ARM.Deploy.0 = Release|Any CPU
		{EB6DC47B-0BFF-4DD3-BAF4-70AE3575F965}.Ad-Hoc|iPhone.ActiveCfg = Release|Any CPU
		{EB6DC47B-0BFF-4DD3-BAF4-70AE3575F965}.Ad-Hoc|iPhone.Build.0 = Release|Any CPU
		{EB6DC47B-0BFF-4DD3-BAF4-70AE3575F965}.Ad-Hoc|iPhone.Deploy.0 = Release|Any CPU
		{EB6DC47B-0BFF-4DD3-BAF4-70AE3575F965}.Ad-Hoc|iPhoneSimulator.ActiveCfg = Release|Any CPU
		{EB6DC47B-0BFF-4DD3-BAF4-70AE3575F965}.Ad-Hoc|iPhoneSimulator.Build.0 = Release|Any CPU
		{EB6DC47B-0BFF-4DD3-BAF4-70AE3575F965}.Ad-Hoc|iPhoneSimulator.Deploy.0 = Release|Any CPU
		{EB6DC47B-0BFF-4DD3-BAF4-70AE3575F965}.Ad-Hoc|x64.ActiveCfg = Release|Any CPU
		{EB6DC47B-0BFF-4DD3-BAF4-70AE3575F965}.Ad-Hoc|x64.Build.0 = Release|Any CPU
		{EB6DC47B-0BFF-4DD3-BAF4-70AE3575F965}.Ad-Hoc|x64.Deploy.0 = Release|Any CPU
		{EB6DC47B-0BFF-4DD3-BAF4-70AE3575F965}.Ad-Hoc|x86.ActiveCfg = Release|Any CPU
		{EB6DC47B-0BFF-4DD3-BAF4-70AE3575F965}.Ad-Hoc|x86.Build.0 = Release|Any CPU
		{EB6DC47B-0BFF-4DD3-BAF4-70AE3575F965}.Ad-Hoc|x86.Deploy.0 = Release|Any CPU
		{EB6DC47B-0BFF-4DD3-BAF4-70AE3575F965}.AppStore|Any CPU.ActiveCfg = Release|Any CPU
		{EB6DC47B-0BFF-4DD3-BAF4-70AE3575F965}.AppStore|Any CPU.Build.0 = Release|Any CPU
		{EB6DC47B-0BFF-4DD3-BAF4-70AE3575F965}.AppStore|Any CPU.Deploy.0 = Release|Any CPU
		{EB6DC47B-0BFF-4DD3-BAF4-70AE3575F965}.AppStore|ARM.ActiveCfg = Release|Any CPU
		{EB6DC47B-0BFF-4DD3-BAF4-70AE3575F965}.AppStore|ARM.Build.0 = Release|Any CPU
		{EB6DC47B-0BFF-4DD3-BAF4-70AE3575F965}.AppStore|ARM.Deploy.0 = Release|Any CPU
		{EB6DC47B-0BFF-4DD3-BAF4-70AE3575F965}.AppStore|iPhone.ActiveCfg = Release|Any CPU
		{EB6DC47B-0BFF-4DD3-BAF4-70AE3575F965}.AppStore|iPhone.Build.0 = Release|Any CPU
		{EB6DC47B-0BFF-4DD3-BAF4-70AE3575F965}.AppStore|iPhone.Deploy.0 = Release|Any CPU
		{EB6DC47B-0BFF-4DD3-BAF4-70AE3575F965}.AppStore|iPhoneSimulator.ActiveCfg = Release|Any CPU
		{EB6DC47B-0BFF-4DD3-BAF4-70AE3575F965}.AppStore|iPhoneSimulator.Build.0 = Release|Any CPU
		{EB6DC47B-0BFF-4DD3-BAF4-70AE3575F965}.AppStore|iPhoneSimulator.Deploy.0 = Release|Any CPU
		{EB6DC47B-0BFF-4DD3-BAF4-70AE3575F965}.AppStore|x64.ActiveCfg = Release|Any CPU
		{EB6DC47B-0BFF-4DD3-BAF4-70AE3575F965}.AppStore|x64.Build.0 = Release|Any CPU
		{EB6DC47B-0BFF-4DD3-BAF4-70AE3575F965}.AppStore|x64.Deploy.0 = Release|Any CPU
		{EB6DC47B-0BFF-4DD3-BAF4-70AE3575F965}.AppStore|x86.ActiveCfg = Release|Any CPU
		{EB6DC47B-0BFF-4DD3-BAF4-70AE3575F965}.AppStore|x86.Build.0 = Release|Any CPU
		{EB6DC47B-0BFF-4DD3-BAF4-70AE3575F965}.AppStore|x86.Deploy.0 = Release|Any CPU
		{EB6DC47B-0BFF-4DD3-BAF4-70AE3575F965}.Debug|Any CPU.ActiveCfg = Debug|Any CPU
		{EB6DC47B-0BFF-4DD3-BAF4-70AE3575F965}.Debug|Any CPU.Build.0 = Debug|Any CPU
		{EB6DC47B-0BFF-4DD3-BAF4-70AE3575F965}.Debug|Any CPU.Deploy.0 = Debug|Any CPU
		{EB6DC47B-0BFF-4DD3-BAF4-70AE3575F965}.Debug|ARM.ActiveCfg = Debug|Any CPU
		{EB6DC47B-0BFF-4DD3-BAF4-70AE3575F965}.Debug|ARM.Build.0 = Debug|Any CPU
		{EB6DC47B-0BFF-4DD3-BAF4-70AE3575F965}.Debug|ARM.Deploy.0 = Debug|Any CPU
		{EB6DC47B-0BFF-4DD3-BAF4-70AE3575F965}.Debug|iPhone.ActiveCfg = Debug|Any CPU
		{EB6DC47B-0BFF-4DD3-BAF4-70AE3575F965}.Debug|iPhone.Build.0 = Debug|Any CPU
		{EB6DC47B-0BFF-4DD3-BAF4-70AE3575F965}.Debug|iPhone.Deploy.0 = Debug|Any CPU
		{EB6DC47B-0BFF-4DD3-BAF4-70AE3575F965}.Debug|iPhoneSimulator.ActiveCfg = Debug|Any CPU
		{EB6DC47B-0BFF-4DD3-BAF4-70AE3575F965}.Debug|iPhoneSimulator.Build.0 = Debug|Any CPU
		{EB6DC47B-0BFF-4DD3-BAF4-70AE3575F965}.Debug|iPhoneSimulator.Deploy.0 = Debug|Any CPU
		{EB6DC47B-0BFF-4DD3-BAF4-70AE3575F965}.Debug|x64.ActiveCfg = Debug|Any CPU
		{EB6DC47B-0BFF-4DD3-BAF4-70AE3575F965}.Debug|x64.Build.0 = Debug|Any CPU
		{EB6DC47B-0BFF-4DD3-BAF4-70AE3575F965}.Debug|x64.Deploy.0 = Debug|Any CPU
		{EB6DC47B-0BFF-4DD3-BAF4-70AE3575F965}.Debug|x86.ActiveCfg = Debug|Any CPU
		{EB6DC47B-0BFF-4DD3-BAF4-70AE3575F965}.Debug|x86.Build.0 = Debug|Any CPU
		{EB6DC47B-0BFF-4DD3-BAF4-70AE3575F965}.Debug|x86.Deploy.0 = Debug|Any CPU
		{EB6DC47B-0BFF-4DD3-BAF4-70AE3575F965}.Release|Any CPU.ActiveCfg = Release|Any CPU
		{EB6DC47B-0BFF-4DD3-BAF4-70AE3575F965}.Release|Any CPU.Build.0 = Release|Any CPU
		{EB6DC47B-0BFF-4DD3-BAF4-70AE3575F965}.Release|Any CPU.Deploy.0 = Release|Any CPU
		{EB6DC47B-0BFF-4DD3-BAF4-70AE3575F965}.Release|ARM.ActiveCfg = Release|Any CPU
		{EB6DC47B-0BFF-4DD3-BAF4-70AE3575F965}.Release|ARM.Build.0 = Release|Any CPU
		{EB6DC47B-0BFF-4DD3-BAF4-70AE3575F965}.Release|ARM.Deploy.0 = Release|Any CPU
		{EB6DC47B-0BFF-4DD3-BAF4-70AE3575F965}.Release|iPhone.ActiveCfg = Release|Any CPU
		{EB6DC47B-0BFF-4DD3-BAF4-70AE3575F965}.Release|iPhone.Build.0 = Release|Any CPU
		{EB6DC47B-0BFF-4DD3-BAF4-70AE3575F965}.Release|iPhone.Deploy.0 = Release|Any CPU
		{EB6DC47B-0BFF-4DD3-BAF4-70AE3575F965}.Release|iPhoneSimulator.ActiveCfg = Release|Any CPU
		{EB6DC47B-0BFF-4DD3-BAF4-70AE3575F965}.Release|iPhoneSimulator.Build.0 = Release|Any CPU
		{EB6DC47B-0BFF-4DD3-BAF4-70AE3575F965}.Release|iPhoneSimulator.Deploy.0 = Release|Any CPU
		{EB6DC47B-0BFF-4DD3-BAF4-70AE3575F965}.Release|x64.ActiveCfg = Release|Any CPU
		{EB6DC47B-0BFF-4DD3-BAF4-70AE3575F965}.Release|x64.Build.0 = Release|Any CPU
		{EB6DC47B-0BFF-4DD3-BAF4-70AE3575F965}.Release|x64.Deploy.0 = Release|Any CPU
		{EB6DC47B-0BFF-4DD3-BAF4-70AE3575F965}.Release|x86.ActiveCfg = Release|Any CPU
		{EB6DC47B-0BFF-4DD3-BAF4-70AE3575F965}.Release|x86.Build.0 = Release|Any CPU
		{EB6DC47B-0BFF-4DD3-BAF4-70AE3575F965}.Release|x86.Deploy.0 = Release|Any CPU
		{F8F6D3A5-8B1A-4BE7-B4E6-B9C4E4A04C86}.Ad-Hoc|Any CPU.ActiveCfg = Ad-Hoc|iPhone
		{F8F6D3A5-8B1A-4BE7-B4E6-B9C4E4A04C86}.Ad-Hoc|ARM.ActiveCfg = Ad-Hoc|iPhone
		{F8F6D3A5-8B1A-4BE7-B4E6-B9C4E4A04C86}.Ad-Hoc|iPhone.ActiveCfg = Ad-Hoc|iPhone
		{F8F6D3A5-8B1A-4BE7-B4E6-B9C4E4A04C86}.Ad-Hoc|iPhone.Build.0 = Ad-Hoc|iPhone
		{F8F6D3A5-8B1A-4BE7-B4E6-B9C4E4A04C86}.Ad-Hoc|iPhoneSimulator.ActiveCfg = Ad-Hoc|iPhoneSimulator
		{F8F6D3A5-8B1A-4BE7-B4E6-B9C4E4A04C86}.Ad-Hoc|iPhoneSimulator.Build.0 = Ad-Hoc|iPhoneSimulator
		{F8F6D3A5-8B1A-4BE7-B4E6-B9C4E4A04C86}.Ad-Hoc|x64.ActiveCfg = Ad-Hoc|iPhone
		{F8F6D3A5-8B1A-4BE7-B4E6-B9C4E4A04C86}.Ad-Hoc|x86.ActiveCfg = Ad-Hoc|iPhone
		{F8F6D3A5-8B1A-4BE7-B4E6-B9C4E4A04C86}.AppStore|Any CPU.ActiveCfg = AppStore|iPhone
		{F8F6D3A5-8B1A-4BE7-B4E6-B9C4E4A04C86}.AppStore|ARM.ActiveCfg = AppStore|iPhone
		{F8F6D3A5-8B1A-4BE7-B4E6-B9C4E4A04C86}.AppStore|iPhone.ActiveCfg = AppStore|iPhone
		{F8F6D3A5-8B1A-4BE7-B4E6-B9C4E4A04C86}.AppStore|iPhone.Build.0 = AppStore|iPhone
		{F8F6D3A5-8B1A-4BE7-B4E6-B9C4E4A04C86}.AppStore|iPhoneSimulator.ActiveCfg = AppStore|iPhoneSimulator
		{F8F6D3A5-8B1A-4BE7-B4E6-B9C4E4A04C86}.AppStore|iPhoneSimulator.Build.0 = AppStore|iPhoneSimulator
		{F8F6D3A5-8B1A-4BE7-B4E6-B9C4E4A04C86}.AppStore|x64.ActiveCfg = AppStore|iPhone
		{F8F6D3A5-8B1A-4BE7-B4E6-B9C4E4A04C86}.AppStore|x86.ActiveCfg = AppStore|iPhone
		{F8F6D3A5-8B1A-4BE7-B4E6-B9C4E4A04C86}.Debug|Any CPU.ActiveCfg = Debug|iPhone
		{F8F6D3A5-8B1A-4BE7-B4E6-B9C4E4A04C86}.Debug|ARM.ActiveCfg = Debug|iPhone
		{F8F6D3A5-8B1A-4BE7-B4E6-B9C4E4A04C86}.Debug|iPhone.ActiveCfg = Debug|iPhone
		{F8F6D3A5-8B1A-4BE7-B4E6-B9C4E4A04C86}.Debug|iPhone.Build.0 = Debug|iPhone
		{F8F6D3A5-8B1A-4BE7-B4E6-B9C4E4A04C86}.Debug|iPhoneSimulator.ActiveCfg = Debug|iPhoneSimulator
		{F8F6D3A5-8B1A-4BE7-B4E6-B9C4E4A04C86}.Debug|iPhoneSimulator.Build.0 = Debug|iPhoneSimulator
		{F8F6D3A5-8B1A-4BE7-B4E6-B9C4E4A04C86}.Debug|x64.ActiveCfg = Debug|iPhone
		{F8F6D3A5-8B1A-4BE7-B4E6-B9C4E4A04C86}.Debug|x86.ActiveCfg = Debug|iPhone
		{F8F6D3A5-8B1A-4BE7-B4E6-B9C4E4A04C86}.Release|Any CPU.ActiveCfg = Release|iPhone
		{F8F6D3A5-8B1A-4BE7-B4E6-B9C4E4A04C86}.Release|ARM.ActiveCfg = Release|iPhone
		{F8F6D3A5-8B1A-4BE7-B4E6-B9C4E4A04C86}.Release|iPhone.ActiveCfg = Release|iPhone
		{F8F6D3A5-8B1A-4BE7-B4E6-B9C4E4A04C86}.Release|iPhone.Build.0 = Release|iPhone
		{F8F6D3A5-8B1A-4BE7-B4E6-B9C4E4A04C86}.Release|iPhoneSimulator.ActiveCfg = Release|iPhoneSimulator
		{F8F6D3A5-8B1A-4BE7-B4E6-B9C4E4A04C86}.Release|iPhoneSimulator.Build.0 = Release|iPhoneSimulator
		{F8F6D3A5-8B1A-4BE7-B4E6-B9C4E4A04C86}.Release|x64.ActiveCfg = Release|iPhone
		{F8F6D3A5-8B1A-4BE7-B4E6-B9C4E4A04C86}.Release|x86.ActiveCfg = Release|iPhone
		{F25205D5-AA6E-4C73-82C9-AC94EB96867B}.Ad-Hoc|Any CPU.ActiveCfg = Release|Any CPU
		{F25205D5-AA6E-4C73-82C9-AC94EB96867B}.Ad-Hoc|Any CPU.Build.0 = Release|Any CPU
		{F25205D5-AA6E-4C73-82C9-AC94EB96867B}.Ad-Hoc|Any CPU.Deploy.0 = Release|Any CPU
		{F25205D5-AA6E-4C73-82C9-AC94EB96867B}.Ad-Hoc|ARM.ActiveCfg = Release|ARM
		{F25205D5-AA6E-4C73-82C9-AC94EB96867B}.Ad-Hoc|ARM.Build.0 = Release|ARM
		{F25205D5-AA6E-4C73-82C9-AC94EB96867B}.Ad-Hoc|ARM.Deploy.0 = Release|ARM
		{F25205D5-AA6E-4C73-82C9-AC94EB96867B}.Ad-Hoc|iPhone.ActiveCfg = Release|Any CPU
		{F25205D5-AA6E-4C73-82C9-AC94EB96867B}.Ad-Hoc|iPhone.Build.0 = Release|Any CPU
		{F25205D5-AA6E-4C73-82C9-AC94EB96867B}.Ad-Hoc|iPhone.Deploy.0 = Release|Any CPU
		{F25205D5-AA6E-4C73-82C9-AC94EB96867B}.Ad-Hoc|iPhoneSimulator.ActiveCfg = Release|Any CPU
		{F25205D5-AA6E-4C73-82C9-AC94EB96867B}.Ad-Hoc|iPhoneSimulator.Build.0 = Release|Any CPU
		{F25205D5-AA6E-4C73-82C9-AC94EB96867B}.Ad-Hoc|iPhoneSimulator.Deploy.0 = Release|Any CPU
		{F25205D5-AA6E-4C73-82C9-AC94EB96867B}.Ad-Hoc|x64.ActiveCfg = Release|Any CPU
		{F25205D5-AA6E-4C73-82C9-AC94EB96867B}.Ad-Hoc|x64.Build.0 = Release|Any CPU
		{F25205D5-AA6E-4C73-82C9-AC94EB96867B}.Ad-Hoc|x64.Deploy.0 = Release|Any CPU
		{F25205D5-AA6E-4C73-82C9-AC94EB96867B}.Ad-Hoc|x86.ActiveCfg = Release|x86
		{F25205D5-AA6E-4C73-82C9-AC94EB96867B}.Ad-Hoc|x86.Build.0 = Release|x86
		{F25205D5-AA6E-4C73-82C9-AC94EB96867B}.Ad-Hoc|x86.Deploy.0 = Release|x86
		{F25205D5-AA6E-4C73-82C9-AC94EB96867B}.AppStore|Any CPU.ActiveCfg = Release|Any CPU
		{F25205D5-AA6E-4C73-82C9-AC94EB96867B}.AppStore|Any CPU.Build.0 = Release|Any CPU
		{F25205D5-AA6E-4C73-82C9-AC94EB96867B}.AppStore|Any CPU.Deploy.0 = Release|Any CPU
		{F25205D5-AA6E-4C73-82C9-AC94EB96867B}.AppStore|ARM.ActiveCfg = Release|ARM
		{F25205D5-AA6E-4C73-82C9-AC94EB96867B}.AppStore|ARM.Build.0 = Release|ARM
		{F25205D5-AA6E-4C73-82C9-AC94EB96867B}.AppStore|ARM.Deploy.0 = Release|ARM
		{F25205D5-AA6E-4C73-82C9-AC94EB96867B}.AppStore|iPhone.ActiveCfg = Release|Any CPU
		{F25205D5-AA6E-4C73-82C9-AC94EB96867B}.AppStore|iPhone.Build.0 = Release|Any CPU
		{F25205D5-AA6E-4C73-82C9-AC94EB96867B}.AppStore|iPhone.Deploy.0 = Release|Any CPU
		{F25205D5-AA6E-4C73-82C9-AC94EB96867B}.AppStore|iPhoneSimulator.ActiveCfg = Release|Any CPU
		{F25205D5-AA6E-4C73-82C9-AC94EB96867B}.AppStore|iPhoneSimulator.Build.0 = Release|Any CPU
		{F25205D5-AA6E-4C73-82C9-AC94EB96867B}.AppStore|iPhoneSimulator.Deploy.0 = Release|Any CPU
		{F25205D5-AA6E-4C73-82C9-AC94EB96867B}.AppStore|x64.ActiveCfg = Release|Any CPU
		{F25205D5-AA6E-4C73-82C9-AC94EB96867B}.AppStore|x64.Build.0 = Release|Any CPU
		{F25205D5-AA6E-4C73-82C9-AC94EB96867B}.AppStore|x64.Deploy.0 = Release|Any CPU
		{F25205D5-AA6E-4C73-82C9-AC94EB96867B}.AppStore|x86.ActiveCfg = Release|x86
		{F25205D5-AA6E-4C73-82C9-AC94EB96867B}.AppStore|x86.Build.0 = Release|x86
		{F25205D5-AA6E-4C73-82C9-AC94EB96867B}.AppStore|x86.Deploy.0 = Release|x86
		{F25205D5-AA6E-4C73-82C9-AC94EB96867B}.Debug|Any CPU.ActiveCfg = Debug|Any CPU
		{F25205D5-AA6E-4C73-82C9-AC94EB96867B}.Debug|Any CPU.Build.0 = Debug|Any CPU
		{F25205D5-AA6E-4C73-82C9-AC94EB96867B}.Debug|Any CPU.Deploy.0 = Debug|Any CPU
		{F25205D5-AA6E-4C73-82C9-AC94EB96867B}.Debug|ARM.ActiveCfg = Debug|ARM
		{F25205D5-AA6E-4C73-82C9-AC94EB96867B}.Debug|ARM.Build.0 = Debug|ARM
		{F25205D5-AA6E-4C73-82C9-AC94EB96867B}.Debug|ARM.Deploy.0 = Debug|ARM
		{F25205D5-AA6E-4C73-82C9-AC94EB96867B}.Debug|iPhone.ActiveCfg = Debug|Any CPU
		{F25205D5-AA6E-4C73-82C9-AC94EB96867B}.Debug|iPhone.Build.0 = Debug|Any CPU
		{F25205D5-AA6E-4C73-82C9-AC94EB96867B}.Debug|iPhone.Deploy.0 = Debug|Any CPU
		{F25205D5-AA6E-4C73-82C9-AC94EB96867B}.Debug|iPhoneSimulator.ActiveCfg = Debug|Any CPU
		{F25205D5-AA6E-4C73-82C9-AC94EB96867B}.Debug|iPhoneSimulator.Build.0 = Debug|Any CPU
		{F25205D5-AA6E-4C73-82C9-AC94EB96867B}.Debug|iPhoneSimulator.Deploy.0 = Debug|Any CPU
		{F25205D5-AA6E-4C73-82C9-AC94EB96867B}.Debug|x64.ActiveCfg = Debug|Any CPU
		{F25205D5-AA6E-4C73-82C9-AC94EB96867B}.Debug|x64.Build.0 = Debug|Any CPU
		{F25205D5-AA6E-4C73-82C9-AC94EB96867B}.Debug|x64.Deploy.0 = Debug|Any CPU
		{F25205D5-AA6E-4C73-82C9-AC94EB96867B}.Debug|x86.ActiveCfg = Debug|x86
		{F25205D5-AA6E-4C73-82C9-AC94EB96867B}.Debug|x86.Build.0 = Debug|x86
		{F25205D5-AA6E-4C73-82C9-AC94EB96867B}.Debug|x86.Deploy.0 = Debug|x86
		{F25205D5-AA6E-4C73-82C9-AC94EB96867B}.Release|Any CPU.ActiveCfg = Release|Any CPU
		{F25205D5-AA6E-4C73-82C9-AC94EB96867B}.Release|Any CPU.Build.0 = Release|Any CPU
		{F25205D5-AA6E-4C73-82C9-AC94EB96867B}.Release|Any CPU.Deploy.0 = Release|Any CPU
		{F25205D5-AA6E-4C73-82C9-AC94EB96867B}.Release|ARM.ActiveCfg = Release|ARM
		{F25205D5-AA6E-4C73-82C9-AC94EB96867B}.Release|ARM.Build.0 = Release|ARM
		{F25205D5-AA6E-4C73-82C9-AC94EB96867B}.Release|ARM.Deploy.0 = Release|ARM
		{F25205D5-AA6E-4C73-82C9-AC94EB96867B}.Release|iPhone.ActiveCfg = Release|Any CPU
		{F25205D5-AA6E-4C73-82C9-AC94EB96867B}.Release|iPhone.Build.0 = Release|Any CPU
		{F25205D5-AA6E-4C73-82C9-AC94EB96867B}.Release|iPhone.Deploy.0 = Release|Any CPU
		{F25205D5-AA6E-4C73-82C9-AC94EB96867B}.Release|iPhoneSimulator.ActiveCfg = Release|Any CPU
		{F25205D5-AA6E-4C73-82C9-AC94EB96867B}.Release|iPhoneSimulator.Build.0 = Release|Any CPU
		{F25205D5-AA6E-4C73-82C9-AC94EB96867B}.Release|iPhoneSimulator.Deploy.0 = Release|Any CPU
		{F25205D5-AA6E-4C73-82C9-AC94EB96867B}.Release|x64.ActiveCfg = Release|Any CPU
		{F25205D5-AA6E-4C73-82C9-AC94EB96867B}.Release|x64.Build.0 = Release|Any CPU
		{F25205D5-AA6E-4C73-82C9-AC94EB96867B}.Release|x64.Deploy.0 = Release|Any CPU
		{F25205D5-AA6E-4C73-82C9-AC94EB96867B}.Release|x86.ActiveCfg = Release|x86
		{F25205D5-AA6E-4C73-82C9-AC94EB96867B}.Release|x86.Build.0 = Release|x86
		{F25205D5-AA6E-4C73-82C9-AC94EB96867B}.Release|x86.Deploy.0 = Release|x86
		{2A2D651D-A31A-4910-A6C8-B0459DED1BDE}.Ad-Hoc|Any CPU.ActiveCfg = Release|x86
		{2A2D651D-A31A-4910-A6C8-B0459DED1BDE}.Ad-Hoc|Any CPU.Build.0 = Release|x86
		{2A2D651D-A31A-4910-A6C8-B0459DED1BDE}.Ad-Hoc|Any CPU.Deploy.0 = Release|x86
		{2A2D651D-A31A-4910-A6C8-B0459DED1BDE}.Ad-Hoc|ARM.ActiveCfg = Release|ARM
		{2A2D651D-A31A-4910-A6C8-B0459DED1BDE}.Ad-Hoc|ARM.Build.0 = Release|ARM
		{2A2D651D-A31A-4910-A6C8-B0459DED1BDE}.Ad-Hoc|ARM.Deploy.0 = Release|ARM
		{2A2D651D-A31A-4910-A6C8-B0459DED1BDE}.Ad-Hoc|iPhone.ActiveCfg = Release|x86
		{2A2D651D-A31A-4910-A6C8-B0459DED1BDE}.Ad-Hoc|iPhone.Build.0 = Release|x86
		{2A2D651D-A31A-4910-A6C8-B0459DED1BDE}.Ad-Hoc|iPhone.Deploy.0 = Release|x86
		{2A2D651D-A31A-4910-A6C8-B0459DED1BDE}.Ad-Hoc|iPhoneSimulator.ActiveCfg = Release|x86
		{2A2D651D-A31A-4910-A6C8-B0459DED1BDE}.Ad-Hoc|iPhoneSimulator.Build.0 = Release|x86
		{2A2D651D-A31A-4910-A6C8-B0459DED1BDE}.Ad-Hoc|iPhoneSimulator.Deploy.0 = Release|x86
		{2A2D651D-A31A-4910-A6C8-B0459DED1BDE}.Ad-Hoc|x64.ActiveCfg = Release|x64
		{2A2D651D-A31A-4910-A6C8-B0459DED1BDE}.Ad-Hoc|x64.Build.0 = Release|x64
		{2A2D651D-A31A-4910-A6C8-B0459DED1BDE}.Ad-Hoc|x64.Deploy.0 = Release|x64
		{2A2D651D-A31A-4910-A6C8-B0459DED1BDE}.Ad-Hoc|x86.ActiveCfg = Release|x86
		{2A2D651D-A31A-4910-A6C8-B0459DED1BDE}.Ad-Hoc|x86.Build.0 = Release|x86
		{2A2D651D-A31A-4910-A6C8-B0459DED1BDE}.Ad-Hoc|x86.Deploy.0 = Release|x86
		{2A2D651D-A31A-4910-A6C8-B0459DED1BDE}.AppStore|Any CPU.ActiveCfg = Release|x86
		{2A2D651D-A31A-4910-A6C8-B0459DED1BDE}.AppStore|Any CPU.Build.0 = Release|x86
		{2A2D651D-A31A-4910-A6C8-B0459DED1BDE}.AppStore|Any CPU.Deploy.0 = Release|x86
		{2A2D651D-A31A-4910-A6C8-B0459DED1BDE}.AppStore|ARM.ActiveCfg = Release|ARM
		{2A2D651D-A31A-4910-A6C8-B0459DED1BDE}.AppStore|ARM.Build.0 = Release|ARM
		{2A2D651D-A31A-4910-A6C8-B0459DED1BDE}.AppStore|ARM.Deploy.0 = Release|ARM
		{2A2D651D-A31A-4910-A6C8-B0459DED1BDE}.AppStore|iPhone.ActiveCfg = Release|x86
		{2A2D651D-A31A-4910-A6C8-B0459DED1BDE}.AppStore|iPhone.Build.0 = Release|x86
		{2A2D651D-A31A-4910-A6C8-B0459DED1BDE}.AppStore|iPhone.Deploy.0 = Release|x86
		{2A2D651D-A31A-4910-A6C8-B0459DED1BDE}.AppStore|iPhoneSimulator.ActiveCfg = Release|x86
		{2A2D651D-A31A-4910-A6C8-B0459DED1BDE}.AppStore|iPhoneSimulator.Build.0 = Release|x86
		{2A2D651D-A31A-4910-A6C8-B0459DED1BDE}.AppStore|iPhoneSimulator.Deploy.0 = Release|x86
		{2A2D651D-A31A-4910-A6C8-B0459DED1BDE}.AppStore|x64.ActiveCfg = Release|x64
		{2A2D651D-A31A-4910-A6C8-B0459DED1BDE}.AppStore|x64.Build.0 = Release|x64
		{2A2D651D-A31A-4910-A6C8-B0459DED1BDE}.AppStore|x64.Deploy.0 = Release|x64
		{2A2D651D-A31A-4910-A6C8-B0459DED1BDE}.AppStore|x86.ActiveCfg = Release|x86
		{2A2D651D-A31A-4910-A6C8-B0459DED1BDE}.AppStore|x86.Build.0 = Release|x86
		{2A2D651D-A31A-4910-A6C8-B0459DED1BDE}.AppStore|x86.Deploy.0 = Release|x86
		{2A2D651D-A31A-4910-A6C8-B0459DED1BDE}.Debug|Any CPU.ActiveCfg = Debug|x86
		{2A2D651D-A31A-4910-A6C8-B0459DED1BDE}.Debug|ARM.ActiveCfg = Debug|ARM
		{2A2D651D-A31A-4910-A6C8-B0459DED1BDE}.Debug|ARM.Build.0 = Debug|ARM
		{2A2D651D-A31A-4910-A6C8-B0459DED1BDE}.Debug|ARM.Deploy.0 = Debug|ARM
		{2A2D651D-A31A-4910-A6C8-B0459DED1BDE}.Debug|iPhone.ActiveCfg = Debug|x86
		{2A2D651D-A31A-4910-A6C8-B0459DED1BDE}.Debug|iPhoneSimulator.ActiveCfg = Debug|x86
		{2A2D651D-A31A-4910-A6C8-B0459DED1BDE}.Debug|x64.ActiveCfg = Debug|x64
		{2A2D651D-A31A-4910-A6C8-B0459DED1BDE}.Debug|x64.Build.0 = Debug|x64
		{2A2D651D-A31A-4910-A6C8-B0459DED1BDE}.Debug|x64.Deploy.0 = Debug|x64
		{2A2D651D-A31A-4910-A6C8-B0459DED1BDE}.Debug|x86.ActiveCfg = Debug|x86
		{2A2D651D-A31A-4910-A6C8-B0459DED1BDE}.Debug|x86.Build.0 = Debug|x86
		{2A2D651D-A31A-4910-A6C8-B0459DED1BDE}.Debug|x86.Deploy.0 = Debug|x86
		{2A2D651D-A31A-4910-A6C8-B0459DED1BDE}.Release|Any CPU.ActiveCfg = Release|x86
		{2A2D651D-A31A-4910-A6C8-B0459DED1BDE}.Release|ARM.ActiveCfg = Release|ARM
		{2A2D651D-A31A-4910-A6C8-B0459DED1BDE}.Release|ARM.Build.0 = Release|ARM
		{2A2D651D-A31A-4910-A6C8-B0459DED1BDE}.Release|ARM.Deploy.0 = Release|ARM
		{2A2D651D-A31A-4910-A6C8-B0459DED1BDE}.Release|iPhone.ActiveCfg = Release|x86
		{2A2D651D-A31A-4910-A6C8-B0459DED1BDE}.Release|iPhoneSimulator.ActiveCfg = Release|x86
		{2A2D651D-A31A-4910-A6C8-B0459DED1BDE}.Release|x64.ActiveCfg = Release|x64
		{2A2D651D-A31A-4910-A6C8-B0459DED1BDE}.Release|x64.Build.0 = Release|x64
		{2A2D651D-A31A-4910-A6C8-B0459DED1BDE}.Release|x64.Deploy.0 = Release|x64
		{2A2D651D-A31A-4910-A6C8-B0459DED1BDE}.Release|x86.ActiveCfg = Release|x86
		{2A2D651D-A31A-4910-A6C8-B0459DED1BDE}.Release|x86.Build.0 = Release|x86
		{2A2D651D-A31A-4910-A6C8-B0459DED1BDE}.Release|x86.Deploy.0 = Release|x86
		{7D974EA3-49B9-4396-BDD4-9192C166D8A8}.Ad-Hoc|Any CPU.ActiveCfg = Release|Any CPU
		{7D974EA3-49B9-4396-BDD4-9192C166D8A8}.Ad-Hoc|Any CPU.Build.0 = Release|Any CPU
		{7D974EA3-49B9-4396-BDD4-9192C166D8A8}.Ad-Hoc|Any CPU.Deploy.0 = Release|Any CPU
		{7D974EA3-49B9-4396-BDD4-9192C166D8A8}.Ad-Hoc|ARM.ActiveCfg = Release|ARM
		{7D974EA3-49B9-4396-BDD4-9192C166D8A8}.Ad-Hoc|ARM.Build.0 = Release|ARM
		{7D974EA3-49B9-4396-BDD4-9192C166D8A8}.Ad-Hoc|ARM.Deploy.0 = Release|ARM
		{7D974EA3-49B9-4396-BDD4-9192C166D8A8}.Ad-Hoc|iPhone.ActiveCfg = Release|Any CPU
		{7D974EA3-49B9-4396-BDD4-9192C166D8A8}.Ad-Hoc|iPhone.Build.0 = Release|Any CPU
		{7D974EA3-49B9-4396-BDD4-9192C166D8A8}.Ad-Hoc|iPhone.Deploy.0 = Release|Any CPU
		{7D974EA3-49B9-4396-BDD4-9192C166D8A8}.Ad-Hoc|iPhoneSimulator.ActiveCfg = Release|Any CPU
		{7D974EA3-49B9-4396-BDD4-9192C166D8A8}.Ad-Hoc|iPhoneSimulator.Build.0 = Release|Any CPU
		{7D974EA3-49B9-4396-BDD4-9192C166D8A8}.Ad-Hoc|iPhoneSimulator.Deploy.0 = Release|Any CPU
		{7D974EA3-49B9-4396-BDD4-9192C166D8A8}.Ad-Hoc|x64.ActiveCfg = Release|x64
		{7D974EA3-49B9-4396-BDD4-9192C166D8A8}.Ad-Hoc|x64.Build.0 = Release|x64
		{7D974EA3-49B9-4396-BDD4-9192C166D8A8}.Ad-Hoc|x64.Deploy.0 = Release|x64
		{7D974EA3-49B9-4396-BDD4-9192C166D8A8}.Ad-Hoc|x86.ActiveCfg = Release|x86
		{7D974EA3-49B9-4396-BDD4-9192C166D8A8}.Ad-Hoc|x86.Build.0 = Release|x86
		{7D974EA3-49B9-4396-BDD4-9192C166D8A8}.Ad-Hoc|x86.Deploy.0 = Release|x86
		{7D974EA3-49B9-4396-BDD4-9192C166D8A8}.AppStore|Any CPU.ActiveCfg = Release|Any CPU
		{7D974EA3-49B9-4396-BDD4-9192C166D8A8}.AppStore|Any CPU.Build.0 = Release|Any CPU
		{7D974EA3-49B9-4396-BDD4-9192C166D8A8}.AppStore|Any CPU.Deploy.0 = Release|Any CPU
		{7D974EA3-49B9-4396-BDD4-9192C166D8A8}.AppStore|ARM.ActiveCfg = Release|ARM
		{7D974EA3-49B9-4396-BDD4-9192C166D8A8}.AppStore|ARM.Build.0 = Release|ARM
		{7D974EA3-49B9-4396-BDD4-9192C166D8A8}.AppStore|ARM.Deploy.0 = Release|ARM
		{7D974EA3-49B9-4396-BDD4-9192C166D8A8}.AppStore|iPhone.ActiveCfg = Release|Any CPU
		{7D974EA3-49B9-4396-BDD4-9192C166D8A8}.AppStore|iPhone.Build.0 = Release|Any CPU
		{7D974EA3-49B9-4396-BDD4-9192C166D8A8}.AppStore|iPhone.Deploy.0 = Release|Any CPU
		{7D974EA3-49B9-4396-BDD4-9192C166D8A8}.AppStore|iPhoneSimulator.ActiveCfg = Release|Any CPU
		{7D974EA3-49B9-4396-BDD4-9192C166D8A8}.AppStore|iPhoneSimulator.Build.0 = Release|Any CPU
		{7D974EA3-49B9-4396-BDD4-9192C166D8A8}.AppStore|iPhoneSimulator.Deploy.0 = Release|Any CPU
		{7D974EA3-49B9-4396-BDD4-9192C166D8A8}.AppStore|x64.ActiveCfg = Release|x64
		{7D974EA3-49B9-4396-BDD4-9192C166D8A8}.AppStore|x64.Build.0 = Release|x64
		{7D974EA3-49B9-4396-BDD4-9192C166D8A8}.AppStore|x64.Deploy.0 = Release|x64
		{7D974EA3-49B9-4396-BDD4-9192C166D8A8}.AppStore|x86.ActiveCfg = Release|x86
		{7D974EA3-49B9-4396-BDD4-9192C166D8A8}.AppStore|x86.Build.0 = Release|x86
		{7D974EA3-49B9-4396-BDD4-9192C166D8A8}.AppStore|x86.Deploy.0 = Release|x86
		{7D974EA3-49B9-4396-BDD4-9192C166D8A8}.Debug|Any CPU.ActiveCfg = Debug|Any CPU
		{7D974EA3-49B9-4396-BDD4-9192C166D8A8}.Debug|Any CPU.Build.0 = Debug|Any CPU
		{7D974EA3-49B9-4396-BDD4-9192C166D8A8}.Debug|Any CPU.Deploy.0 = Debug|Any CPU
		{7D974EA3-49B9-4396-BDD4-9192C166D8A8}.Debug|ARM.ActiveCfg = Debug|ARM
		{7D974EA3-49B9-4396-BDD4-9192C166D8A8}.Debug|ARM.Build.0 = Debug|ARM
		{7D974EA3-49B9-4396-BDD4-9192C166D8A8}.Debug|ARM.Deploy.0 = Debug|ARM
		{7D974EA3-49B9-4396-BDD4-9192C166D8A8}.Debug|iPhone.ActiveCfg = Debug|Any CPU
		{7D974EA3-49B9-4396-BDD4-9192C166D8A8}.Debug|iPhone.Build.0 = Debug|Any CPU
		{7D974EA3-49B9-4396-BDD4-9192C166D8A8}.Debug|iPhone.Deploy.0 = Debug|Any CPU
		{7D974EA3-49B9-4396-BDD4-9192C166D8A8}.Debug|iPhoneSimulator.ActiveCfg = Debug|Any CPU
		{7D974EA3-49B9-4396-BDD4-9192C166D8A8}.Debug|iPhoneSimulator.Build.0 = Debug|Any CPU
		{7D974EA3-49B9-4396-BDD4-9192C166D8A8}.Debug|iPhoneSimulator.Deploy.0 = Debug|Any CPU
		{7D974EA3-49B9-4396-BDD4-9192C166D8A8}.Debug|x64.ActiveCfg = Debug|x64
		{7D974EA3-49B9-4396-BDD4-9192C166D8A8}.Debug|x64.Build.0 = Debug|x64
		{7D974EA3-49B9-4396-BDD4-9192C166D8A8}.Debug|x64.Deploy.0 = Debug|x64
		{7D974EA3-49B9-4396-BDD4-9192C166D8A8}.Debug|x86.ActiveCfg = Debug|x86
		{7D974EA3-49B9-4396-BDD4-9192C166D8A8}.Debug|x86.Build.0 = Debug|x86
		{7D974EA3-49B9-4396-BDD4-9192C166D8A8}.Debug|x86.Deploy.0 = Debug|x86
		{7D974EA3-49B9-4396-BDD4-9192C166D8A8}.Release|Any CPU.ActiveCfg = Release|Any CPU
		{7D974EA3-49B9-4396-BDD4-9192C166D8A8}.Release|Any CPU.Build.0 = Release|Any CPU
		{7D974EA3-49B9-4396-BDD4-9192C166D8A8}.Release|Any CPU.Deploy.0 = Release|Any CPU
		{7D974EA3-49B9-4396-BDD4-9192C166D8A8}.Release|ARM.ActiveCfg = Release|ARM
		{7D974EA3-49B9-4396-BDD4-9192C166D8A8}.Release|ARM.Build.0 = Release|ARM
		{7D974EA3-49B9-4396-BDD4-9192C166D8A8}.Release|ARM.Deploy.0 = Release|ARM
		{7D974EA3-49B9-4396-BDD4-9192C166D8A8}.Release|iPhone.ActiveCfg = Release|Any CPU
		{7D974EA3-49B9-4396-BDD4-9192C166D8A8}.Release|iPhone.Build.0 = Release|Any CPU
		{7D974EA3-49B9-4396-BDD4-9192C166D8A8}.Release|iPhone.Deploy.0 = Release|Any CPU
		{7D974EA3-49B9-4396-BDD4-9192C166D8A8}.Release|iPhoneSimulator.ActiveCfg = Release|Any CPU
		{7D974EA3-49B9-4396-BDD4-9192C166D8A8}.Release|iPhoneSimulator.Build.0 = Release|Any CPU
		{7D974EA3-49B9-4396-BDD4-9192C166D8A8}.Release|iPhoneSimulator.Deploy.0 = Release|Any CPU
		{7D974EA3-49B9-4396-BDD4-9192C166D8A8}.Release|x64.ActiveCfg = Release|x64
		{7D974EA3-49B9-4396-BDD4-9192C166D8A8}.Release|x64.Build.0 = Release|x64
		{7D974EA3-49B9-4396-BDD4-9192C166D8A8}.Release|x64.Deploy.0 = Release|x64
		{7D974EA3-49B9-4396-BDD4-9192C166D8A8}.Release|x86.ActiveCfg = Release|x86
		{7D974EA3-49B9-4396-BDD4-9192C166D8A8}.Release|x86.Build.0 = Release|x86
		{7D974EA3-49B9-4396-BDD4-9192C166D8A8}.Release|x86.Deploy.0 = Release|x86
	EndGlobalSection
	GlobalSection(SolutionProperties) = preSolution
		HideSolutionNode = FALSE
	EndGlobalSection
EndGlobal
